
Microsoft Visual Studio Solution File, Format Version 12.00
# Visual Studio 15
VisualStudioVersion = 15.0.28010.2046
MinimumVisualStudioVersion = 10.0.40219.1
Project("{FAE04EC0-301F-11D3-BF4B-00C04F79EFBC}") = "UWP_Demo", "UWP_Demo\UWP_Demo.csproj", "{59362ED6-F7EC-413C-B882-074CA5AAAB12}"
EndProject
Global
	GlobalSection(SolutionConfigurationPlatforms) = preSolution
		Debug|ARM = Debug|ARM
		Debug|x64 = Debug|x64
		Debug|x86 = Debug|x86
		Release|ARM = Release|ARM
		Release|x64 = Release|x64
		Release|x86 = Release|x86
	EndGlobalSection
	GlobalSection(ProjectConfigurationPlatforms) = postSolution
		{59362ED6-F7EC-413C-B882-074CA5AAAB12}.Debug|ARM.ActiveCfg = Debug|ARM
		{59362ED6-F7EC-413C-B882-074CA5AAAB12}.Debug|ARM.Build.0 = Debug|ARM
		{59362ED6-F7EC-413C-B882-074CA5AAAB12}.Debug|ARM.Deploy.0 = Debug|ARM
		{59362ED6-F7EC-413C-B882-074CA5AAAB12}.Debug|x64.ActiveCfg = Debug|x64
		{59362ED6-F7EC-413C-B882-074CA5AAAB12}.Debug|x64.Build.0 = Debug|x64
		{59362ED6-F7EC-413C-B882-074CA5AAAB12}.Debug|x64.Deploy.0 = Debug|x64
		{59362ED6-F7EC-413C-B882-074CA5AAAB12}.Debug|x86.ActiveCfg = Debug|x86
		{59362ED6-F7EC-413C-B882-074CA5AAAB12}.Debug|x86.Build.0 = Debug|x86
		{59362ED6-F7EC-413C-B882-074CA5AAAB12}.Debug|x86.Deploy.0 = Debug|x86
		{59362ED6-F7EC-413C-B882-074CA5AAAB12}.Release|ARM.ActiveCfg = Release|ARM
		{59362ED6-F7EC-413C-B882-074CA5AAAB12}.Release|ARM.Build.0 = Release|ARM
		{59362ED6-F7EC-413C-B882-074CA5AAAB12}.Release|ARM.Deploy.0 = Release|ARM
		{59362ED6-F7EC-413C-B882-074CA5AAAB12}.Release|x64.ActiveCfg = Release|x64
		{59362ED6-F7EC-413C-B882-074CA5AAAB12}.Release|x64.Build.0 = Release|x64
		{59362ED6-F7EC-413C-B882-074CA5AAAB12}.Release|x64.Deploy.0 = Release|x64
		{59362ED6-F7EC-413C-B882-074CA5AAAB12}.Release|x86.ActiveCfg = Release|x86
		{59362ED6-F7EC-413C-B882-074CA5AAAB12}.Release|x86.Build.0 = Release|x86
		{59362ED6-F7EC-413C-B882-074CA5AAAB12}.Release|x86.Deploy.0 = Release|x86
	EndGlobalSection
	GlobalSection(SolutionProperties) = preSolution
		HideSolutionNode = FALSE
	EndGlobalSection
	GlobalSection(ExtensibilityGlobals) = postSolution
		SolutionGuid = {0A6E1AA8-F602-4C01-AF7F-F43134A7392E}
	EndGlobalSection
EndGlobal
